Microsoft Visual Studio Solution File, Format Version 12.00
# Visual Studio Version 17
VisualStudioVersion = 17.5.2.0
MinimumVisualStudioVersion = 10.0.40219.1
Project("{FAE04EC0-301F-11D3-BF4B-00C04F79EFBC}") = "esii-2025-d2", "esii-2025-d2.csproj", "{091AB061-3E9A-93BD-055C-CDD0E44FB37B}"
EndProject
Global
	GlobalSection(SolutionConfigurationPlatforms) = preSolution
		Debug|Any CPU = Debug|Any CPU
		Release|Any CPU = Release|Any CPU
	EndGlobalSection
	GlobalSection(ProjectConfigurationPlatforms) = postSolution
		{091AB061-3E9A-93BD-055C-CDD0E44FB37B}.Debug|Any CPU.ActiveCfg = Debug|Any CPU
		{091AB061-3E9A-93BD-055C-CDD0E44FB37B}.Debug|Any CPU.Build.0 = Debug|Any CPU
		{091AB061-3E9A-93BD-055C-CDD0E44FB37B}.Release|Any CPU.ActiveCfg = Release|Any CPU
		{091AB061-3E9A-93BD-055C-CDD0E44FB37B}.Release|Any CPU.Build.0 = Release|Any CPU
	EndGlobalSection
	GlobalSection(SolutionProperties) = preSolution
		HideSolutionNode = FALSE
	EndGlobalSection
	GlobalSection(ExtensibilityGlobals) = postSolution
		SolutionGuid = {454D850B-9527-458A-9CEF-6A12FA286D0B}
	EndGlobalSection
EndGlobal
