
Microsoft Visual Studio Solution File, Format Version 12.00
Project("{FAE04EC0-301F-11D3-BF4B-00C04F79EFBC}") = "esii-2025-d2", "..\esii-2025-d2\esii-2025-d2.csproj", "{6AC166ED-084C-4B03-85D4-5840F3C4F3EE}"
EndProject
Global
	GlobalSection(SolutionConfigurationPlatforms) = preSolution
		Debug|Any CPU = Debug|Any CPU
		Release|Any CPU = Release|Any CPU
	EndGlobalSection
	GlobalSection(ProjectConfigurationPlatforms) = postSolution
		{6AC166ED-084C-4B03-85D4-5840F3C4F3EE}.Debug|Any CPU.ActiveCfg = Debug|Any CPU
		{6AC166ED-084C-4B03-85D4-5840F3C4F3EE}.Debug|Any CPU.Build.0 = Debug|Any CPU
		{6AC166ED-084C-4B03-85D4-5840F3C4F3EE}.Release|Any CPU.ActiveCfg = Release|Any CPU
		{6AC166ED-084C-4B03-85D4-5840F3C4F3EE}.Release|Any CPU.Build.0 = Release|Any CPU
	EndGlobalSection
EndGlobal
